
Microsoft Visual Studio Solution File, Format Version 12.00
# Visual Studio 15
Project("{FAE04EC0-301F-11D3-BF4B-00C04F79EFBC}") = "Assembly-CSharp", "Assembly-CSharp.csproj", "{A2DA9565-6193-A9BD-A9BB-088B385082C3}"
EndProject
Project("{FAE04EC0-301F-11D3-BF4B-00C04F79EFBC}") = "Assembly-CSharp-Editor", "Assembly-CSharp-Editor.csproj", "{E946E70A-AD3E-9CF7-7016-8588C52B8BCA}"
EndProject
Global
	GlobalSection(SolutionConfigurationPlatforms) = preSolution
		Debug|Any CPU = Debug|Any CPU
		Release|Any CPU = Release|Any CPU
	EndGlobalSection
	GlobalSection(ProjectConfigurationPlatforms) = postSolution
		{A2DA9565-6193-A9BD-A9BB-088B385082C3}.Debug|Any CPU.ActiveCfg = Debug|Any CPU
		{A2DA9565-6193-A9BD-A9BB-088B385082C3}.Debug|Any CPU.Build.0 = Debug|Any CPU
		{A2DA9565-6193-A9BD-A9BB-088B385082C3}.Release|Any CPU.ActiveCfg = Release|Any CPU
		{A2DA9565-6193-A9BD-A9BB-088B385082C3}.Release|Any CPU.Build.0 = Release|Any CPU
		{E946E70A-AD3E-9CF7-7016-8588C52B8BCA}.Debug|Any CPU.ActiveCfg = Debug|Any CPU
		{E946E70A-AD3E-9CF7-7016-8588C52B8BCA}.Debug|Any CPU.Build.0 = Debug|Any CPU
		{E946E70A-AD3E-9CF7-7016-8588C52B8BCA}.Release|Any CPU.ActiveCfg = Release|Any CPU
		{E946E70A-AD3E-9CF7-7016-8588C52B8BCA}.Release|Any CPU.Build.0 = Release|Any CPU
	EndGlobalSection
	GlobalSection(SolutionProperties) = preSolution
		HideSolutionNode = FALSE
	EndGlobalSection
EndGlobal
